
Microsoft Visual Studio Solution File, Format Version 12.00
# Visual Studio Version 17
VisualStudioVersion = 17.2.32505.173
MinimumVisualStudioVersion = 10.0.40219.1
Project("{9A19103F-16F7-4668-BE54-9A1E7A4F7556}") = "Northwind.Common.EntityModels.Sqlite", "Northwind.Common.EntityModels.Sqlite\Northwind.Common.EntityModels.Sqlite.csproj", "{411E5033-229B-47F3-8092-8940A9C8A7B6}"
EndProject
Project("{9A19103F-16F7-4668-BE54-9A1E7A4F7556}") = "Northwind.Common.DataContext.Sqlite", "Northwind.Common.DataContext.Sqlite\Northwind.Common.DataContext.Sqlite.csproj", "{8A672A01-4A92-4E37-B068-4D51FEAE5C55}"
EndProject
Project("{9A19103F-16F7-4668-BE54-9A1E7A4F7556}") = "Northwind.Common.DataContext.SqlServer", "Northwind.Common.DataContext.SqlServer\Northwind.Common.DataContext.SqlServer.csproj", "{7424502B-17FE-42DF-B60E-D10924414ECB}"
EndProject
Project("{9A19103F-16F7-4668-BE54-9A1E7A4F7556}") = "Northwind.Common.EntityModels.SqlServer", "Northwind.Common.EntityModels.SqlServer\Northwind.Common.EntityModels.SqlServer.csproj", "{33BADA58-B4A4-4FDC-AE3E-82A5A8833899}"
EndProject
Project("{9A19103F-16F7-4668-BE54-9A1E7A4F7556}") = "Northwind.Web", "Northwind.Web\Northwind.Web.csproj", "{0448EB81-F783-4287-A196-B7A5D385BFD5}"
EndProject
Project("{9A19103F-16F7-4668-BE54-9A1E7A4F7556}") = "Northwind.Empty.Web", "Northwind.Empty.Web\Northwind.Empty.Web.csproj", "{7D677AD5-DFF8-4D4E-814E-387447C78C95}"
EndProject
Project("{9A19103F-16F7-4668-BE54-9A1E7A4F7556}") = "Northwind.MVC", "Northwind.MVC\Northwind.MVC.csproj", "{2745242A-84ED-4939-887F-53E4D52FC700}"
EndProject
Project("{9A19103F-16F7-4668-BE54-9A1E7A4F7556}") = "Northwind.API", "Northwind.API\Northwind.API.csproj", "{20FD01DB-7C9E-4C60-A7EF-9B9E625E9B0E}"
EndProject
Project("{9A19103F-16F7-4668-BE54-9A1E7A4F7556}") = "Northwind.BlazorServer", "Northwind.BlazorServer\Northwind.BlazorServer.csproj", "{18DC1AEC-6D35-4B13-936B-50AA8824F41A}"
EndProject
Project("{9A19103F-16F7-4668-BE54-9A1E7A4F7556}") = "Northwind.MAUIApp", "Northwind.MAUIApp\Northwind.MAUIApp\Northwind.MAUIApp.csproj", "{FBE21351-1D17-44AE-9C1C-3AD2128658BB}"
EndProject
Global
	GlobalSection(SolutionConfigurationPlatforms) = preSolution
		Debug|Any CPU = Debug|Any CPU
		Release|Any CPU = Release|Any CPU
	EndGlobalSection
	GlobalSection(ProjectConfigurationPlatforms) = postSolution
		{411E5033-229B-47F3-8092-8940A9C8A7B6}.Debug|Any CPU.ActiveCfg = Debug|Any CPU
		{411E5033-229B-47F3-8092-8940A9C8A7B6}.Debug|Any CPU.Build.0 = Debug|Any CPU
		{411E5033-229B-47F3-8092-8940A9C8A7B6}.Release|Any CPU.ActiveCfg = Release|Any CPU
		{411E5033-229B-47F3-8092-8940A9C8A7B6}.Release|Any CPU.Build.0 = Release|Any CPU
		{8A672A01-4A92-4E37-B068-4D51FEAE5C55}.Debug|Any CPU.ActiveCfg = Debug|Any CPU
		{8A672A01-4A92-4E37-B068-4D51FEAE5C55}.Debug|Any CPU.Build.0 = Debug|Any CPU
		{8A672A01-4A92-4E37-B068-4D51FEAE5C55}.Release|Any CPU.ActiveCfg = Release|Any CPU
		{8A672A01-4A92-4E37-B068-4D51FEAE5C55}.Release|Any CPU.Build.0 = Release|Any CPU
		{7424502B-17FE-42DF-B60E-D10924414ECB}.Debug|Any CPU.ActiveCfg = Debug|Any CPU
		{7424502B-17FE-42DF-B60E-D10924414ECB}.Debug|Any CPU.Build.0 = Debug|Any CPU
		{7424502B-17FE-42DF-B60E-D10924414ECB}.Release|Any CPU.ActiveCfg = Release|Any CPU
		{7424502B-17FE-42DF-B60E-D10924414ECB}.Release|Any CPU.Build.0 = Release|Any CPU
		{33BADA58-B4A4-4FDC-AE3E-82A5A8833899}.Debug|Any CPU.ActiveCfg = Debug|Any CPU
		{33BADA58-B4A4-4FDC-AE3E-82A5A8833899}.Debug|Any CPU.Build.0 = Debug|Any CPU
		{33BADA58-B4A4-4FDC-AE3E-82A5A8833899}.Release|Any CPU.ActiveCfg = Release|Any CPU
		{33BADA58-B4A4-4FDC-AE3E-82A5A8833899}.Release|Any CPU.Build.0 = Release|Any CPU
		{0448EB81-F783-4287-A196-B7A5D385BFD5}.Debug|Any CPU.ActiveCfg = Debug|Any CPU
		{0448EB81-F783-4287-A196-B7A5D385BFD5}.Debug|Any CPU.Build.0 = Debug|Any CPU
		{0448EB81-F783-4287-A196-B7A5D385BFD5}.Release|Any CPU.ActiveCfg = Release|Any CPU
		{0448EB81-F783-4287-A196-B7A5D385BFD5}.Release|Any CPU.Build.0 = Release|Any CPU
		{7D677AD5-DFF8-4D4E-814E-387447C78C95}.Debug|Any CPU.ActiveCfg = Debug|Any CPU
		{7D677AD5-DFF8-4D4E-814E-387447C78C95}.Debug|Any CPU.Build.0 = Debug|Any CPU
		{7D677AD5-DFF8-4D4E-814E-387447C78C95}.Release|Any CPU.ActiveCfg = Release|Any CPU
		{7D677AD5-DFF8-4D4E-814E-387447C78C95}.Release|Any CPU.Build.0 = Release|Any CPU
		{2745242A-84ED-4939-887F-53E4D52FC700}.Debug|Any CPU.ActiveCfg = Debug|Any CPU
		{2745242A-84ED-4939-887F-53E4D52FC700}.Debug|Any CPU.Build.0 = Debug|Any CPU
		{2745242A-84ED-4939-887F-53E4D52FC700}.Release|Any CPU.ActiveCfg = Release|Any CPU
		{2745242A-84ED-4939-887F-53E4D52FC700}.Release|Any CPU.Build.0 = Release|Any CPU
		{20FD01DB-7C9E-4C60-A7EF-9B9E625E9B0E}.Debug|Any CPU.ActiveCfg = Debug|Any CPU
		{20FD01DB-7C9E-4C60-A7EF-9B9E625E9B0E}.Debug|Any CPU.Build.0 = Debug|Any CPU
		{20FD01DB-7C9E-4C60-A7EF-9B9E625E9B0E}.Release|Any CPU.ActiveCfg = Release|Any CPU
		{20FD01DB-7C9E-4C60-A7EF-9B9E625E9B0E}.Release|Any CPU.Build.0 = Release|Any CPU
		{18DC1AEC-6D35-4B13-936B-50AA8824F41A}.Debug|Any CPU.ActiveCfg = Debug|Any CPU
		{18DC1AEC-6D35-4B13-936B-50AA8824F41A}.Debug|Any CPU.Build.0 = Debug|Any CPU
		{18DC1AEC-6D35-4B13-936B-50AA8824F41A}.Release|Any CPU.ActiveCfg = Release|Any CPU
		{18DC1AEC-6D35-4B13-936B-50AA8824F41A}.Release|Any CPU.Build.0 = Release|Any CPU
		{FBE21351-1D17-44AE-9C1C-3AD2128658BB}.Debug|Any CPU.ActiveCfg = Debug|Any CPU
		{FBE21351-1D17-44AE-9C1C-3AD2128658BB}.Debug|Any CPU.Build.0 = Debug|Any CPU
		{FBE21351-1D17-44AE-9C1C-3AD2128658BB}.Debug|Any CPU.Deploy.0 = Debug|Any CPU
		{FBE21351-1D17-44AE-9C1C-3AD2128658BB}.Release|Any CPU.ActiveCfg = Release|Any CPU
		{FBE21351-1D17-44AE-9C1C-3AD2128658BB}.Release|Any CPU.Build.0 = Release|Any CPU
		{FBE21351-1D17-44AE-9C1C-3AD2128658BB}.Release|Any CPU.Deploy.0 = Release|Any CPU
	EndGlobalSection
	GlobalSection(SolutionProperties) = preSolution
		HideSolutionNode = FALSE
	EndGlobalSection
	GlobalSection(ExtensibilityGlobals) = postSolution
		SolutionGuid = {4F94342A-CE59-48A8-ABC5-076CF58B8CF1}
	EndGlobalSection
EndGlobal
